{
  "name": "@merrymake/detect-project-type",
  "version": "2.0.2",
  "lockfileVersion": 2,
  "requires": true,
  "packages": {
    "": {
      "name": "@merrymake/detect-project-type",
      "version": "2.0.2",
      "license": "ISC",
      "dependencies": {
        "strip-json-comments": "^5.0.1"
      },
      "devDependencies": {
        "@tsconfig/node-lts": "latest",
        "@types/node": "latest"
      }
    },
    "node_modules/@tsconfig/node-lts": {
      "version": "22.0.1",
      "resolved": "https://registry.npmjs.org/@tsconfig/node-lts/-/node-lts-22.0.1.tgz",
      "integrity": "sha512-BwlbLiYurZKrj+Pa6etSE1jXmr3VEDdgJto1jEYKcpBVwZZSWVkCPyFEFYbHdIOaFMlSTtV206DYPlT109aqug==",
      "dev": true
    },
    "node_modules/@types/node": {
      "version": "16.11.62",
      "resolved": "https://registry.npmjs.org/@types/node/-/node-16.11.62.tgz",
      "integrity": "sha512-K/ggecSdwAAy2NUW4WKmF4Rc03GKbsfP+k326UWgckoS+Rzd2PaWbjk76dSmqdLQvLTJAO9axiTUJ6488mFsYQ==",
      "dev": true
    },
    "node_modules/strip-json-comments": {
      "version": "5.0.1",
      "resolved": "https://registry.npmjs.org/strip-json-comments/-/strip-json-comments-5.0.1.tgz",
      "integrity": "sha512-0fk9zBqO67Nq5M/m45qHCJxylV/DhBlIOVExqgOMiCCrzrhU6tCibRXNqE3jwJLftzE9SNuZtYbpzcO+i9FiKw==",
      "engines": {
        "node": ">=14.16"
      },
      "funding": {
        "url": "https://github.com/sponsors/sindresorhus"
      }
    }
  },
  "dependencies": {
    "@tsconfig/node-lts": {
      "version": "22.0.1",
      "resolved": "https://registry.npmjs.org/@tsconfig/node-lts/-/node-lts-22.0.1.tgz",
      "integrity": "sha512-BwlbLiYurZKrj+Pa6etSE1jXmr3VEDdgJto1jEYKcpBVwZZSWVkCPyFEFYbHdIOaFMlSTtV206DYPlT109aqug==",
      "dev": true
    },
    "@types/node": {
      "version": "16.11.62",
      "resolved": "https://registry.npmjs.org/@types/node/-/node-16.11.62.tgz",
      "integrity": "sha512-K/ggecSdwAAy2NUW4WKmF4Rc03GKbsfP+k326UWgckoS+Rzd2PaWbjk76dSmqdLQvLTJAO9axiTUJ6488mFsYQ==",
      "dev": true
    },
    "strip-json-comments": {
      "version": "5.0.1",
      "resolved": "https://registry.npmjs.org/strip-json-comments/-/strip-json-comments-5.0.1.tgz",
      "integrity": "sha512-0fk9zBqO67Nq5M/m45qHCJxylV/DhBlIOVExqgOMiCCrzrhU6tCibRXNqE3jwJLftzE9SNuZtYbpzcO+i9FiKw=="
    }
  }
}
